// !$*UTF8*$!
{
	archiveVersion = 1;
	classes = {
	};
	objectVersion = 46;
	objects = {

/* Begin PBXBuildFile section */
		BA2CB43E1AE25BAD001E72BE /* ContainerDismissButton.m in Sources */ = {isa = PBXBuildFile; fileRef = BA2CB43D1AE25BAD001E72BE /* ContainerDismissButton.m */; };
		BAA992E01AE1FF5700756EDF /* UIFont+EK.swift in Sources */ = {isa = PBXBuildFile; fileRef = BAA992D81AE1FF5700756EDF /* UIFont+EK.swift */; };
		BAA992E11AE1FF5700756EDF /* PortfolioTableViewCell.swift in Sources */ = {isa = PBXBuildFile; fileRef = BAA992DA1AE1FF5700756EDF /* PortfolioTableViewCell.swift */; };
		BAA992E21AE1FF5700756EDF /* BaseChildViewController.swift in Sources */ = {isa = PBXBuildFile; fileRef = BAA992DC1AE1FF5700756EDF /* BaseChildViewController.swift */; };
		BAA992E31AE1FF5700756EDF /* HomeTableViewController.swift in Sources */ = {isa = PBXBuildFile; fileRef = BAA992DD1AE1FF5700756EDF /* HomeTableViewController.swift */; };
		BAA992E41AE1FF5700756EDF /* HomeViewController.swift in Sources */ = {isa = PBXBuildFile; fileRef = BAA992DE1AE1FF5700756EDF /* HomeViewController.swift */; };
		BAA992E51AE1FF5700756EDF /* RootContainerViewController.swift in Sources */ = {isa = PBXBuildFile; fileRef = BAA992DF1AE1FF5700756EDF /* RootContainerViewController.swift */; };
		BAA992E71AE2000A00756EDF /* UIIView+EK.swift in Sources */ = {isa = PBXBuildFile; fileRef = BAA992E61AE2000A00756EDF /* UIIView+EK.swift */; };
		BAA992F61AE2289100756EDF /* EKPageScrolling.swift in Sources */ = {isa = PBXBuildFile; fileRef = BAA992F51AE2289100756EDF /* EKPageScrolling.swift */; };
		BAC76CAB1ADE34C50026F4D1 /* AppDelegate.swift in Sources */ = {isa = PBXBuildFile; fileRef = BAC76CAA1ADE34C50026F4D1 /* AppDelegate.swift */; };
		BAC76CB61ADE34C50026F4D1 /* Images.xcassets in Resources */ = {isa = PBXBuildFile; fileRef = BAC76CB51ADE34C50026F4D1 /* Images.xcassets */; };
		BAC76CC51ADE34C50026F4D1 /* PortfolioTests.swift in Sources */ = {isa = PBXBuildFile; fileRef = BAC76CC41ADE34C50026F4D1 /* PortfolioTests.swift */; };
		BAC76CDE1ADE4C670026F4D1 /* LaunchScreen.xib in Resources */ = {isa = PBXBuildFile; fileRef = BAC76CD91ADE4C670026F4D1 /* LaunchScreen.xib */; };
		BAC76CDF1ADE4C670026F4D1 /* Main.storyboard in Resources */ = {isa = PBXBuildFile; fileRef = BAC76CDA1ADE4C670026F4D1 /* Main.storyboard */; };
		BAC76CE01ADE4C670026F4D1 /* PortfolioTableViewCell.xib in Resources */ = {isa = PBXBuildFile; fileRef = BAC76CDB1ADE4C670026F4D1 /* PortfolioTableViewCell.xib */; };
		BAC76CE71ADFACCE0026F4D1 /* city.png in Resources */ = {isa = PBXBuildFile; fileRef = BAC76CE51ADFACCE0026F4D1 /* city.png */; };
		BAC76CE81ADFACCE0026F4D1 /* Profile-Pic.png in Resources */ = {isa = PBXBuildFile; fileRef = BAC76CE61ADFACCE0026F4D1 /* Profile-Pic.png */; };
		BAFA3A1F1AE35EA00004CD8C /* school.jpg in Resources */ = {isa = PBXBuildFile; fileRef = BAFA3A1E1AE35EA00004CD8C /* school.jpg */; };
		BAFA3A221AE364FC0004CD8C /* coffee.jpg in Resources */ = {isa = PBXBuildFile; fileRef = BAFA3A201AE364FC0004CD8C /* coffee.jpg */; };
		BAFA3A231AE364FC0004CD8C /* dock.jpg in Resources */ = {isa = PBXBuildFile; fileRef = BAFA3A211AE364FC0004CD8C /* dock.jpg */; };
		BAFA3A271AE365E30004CD8C /* bay.jpg in Resources */ = {isa = PBXBuildFile; fileRef = BAFA3A261AE365E30004CD8C /* bay.jpg */; };
		BAFA3A291AE367990004CD8C /* water.jpeg in Resources */ = {isa = PBXBuildFile; fileRef = BAFA3A281AE367990004CD8C /* water.jpeg */; };
/* End PBXBuildFile section */

/* Begin PBXContainerItemProxy section */
		BAC76CBF1ADE34C50026F4D1 /* PBXContainerItemProxy */ = {
			isa = PBXContainerItemProxy;
			containerPortal = BAC76C9D1ADE34C50026F4D1 /* Project object */;
			proxyType = 1;
			remoteGlobalIDString = BAC76CA41ADE34C50026F4D1;
			remoteInfo = Portfolio;
		};
/* End PBXContainerItemProxy section */

/* Begin PBXFileReference section */
		BA2CB43C1AE25BAD001E72BE /* ContainerDismissButton.h */ = {isa = PBXFileReference; fileEncoding = 4; lastKnownFileType = sourcecode.c.h; name = ContainerDismissButton.h; path = "../../../../gracecity-iphone/Code/Subclass/ContainerDismissButton.h"; sourceTree = "<group>"; };
		BA2CB43D1AE25BAD001E72BE /* ContainerDismissButton.m */ = {isa = PBXFileReference; fileEncoding = 4; lastKnownFileType = sourcecode.c.objc; name = ContainerDismissButton.m; path = "../../../../gracecity-iphone/Code/Subclass/ContainerDismissButton.m"; sourceTree = "<group>"; };
		BA2CB43F1AE25C49001E72BE /* Portfolio-Bridging-Header.h */ = {isa = PBXFileReference; fileEncoding = 4; lastKnownFileType = sourcecode.c.h; path = "Portfolio-Bridging-Header.h"; sourceTree = "<group>"; };
		BAA992D81AE1FF5700756EDF /* UIFont+EK.swift */ = {isa = PBXFileReference; fileEncoding = 4; lastKnownFileType = sourcecode.swift; path = "UIFont+EK.swift"; sourceTree = "<group>"; };
		BAA992DA1AE1FF5700756EDF /* PortfolioTableViewCell.swift */ = {isa = PBXFileReference; fileEncoding = 4; lastKnownFileType = sourcecode.swift; path = PortfolioTableViewCell.swift; sourceTree = "<group>"; };
		BAA992DC1AE1FF5700756EDF /* BaseChildViewController.swift */ = {isa = PBXFileReference; fileEncoding = 4; lastKnownFileType = sourcecode.swift; path = BaseChildViewController.swift; sourceTree = "<group>"; };
		BAA992DD1AE1FF5700756EDF /* HomeTableViewController.swift */ = {isa = PBXFileReference; fileEncoding = 4; lastKnownFileType = sourcecode.swift; path = HomeTableViewController.swift; sourceTree = "<group>"; };
		BAA992DE1AE1FF5700756EDF /* HomeViewController.swift */ = {isa = PBXFileReference; fileEncoding = 4; lastKnownFileType = sourcecode.swift; path = HomeViewController.swift; sourceTree = "<group>"; };
		BAA992DF1AE1FF5700756EDF /* RootContainerViewController.swift */ = {isa = PBXFileReference; fileEncoding = 4; lastKnownFileType = sourcecode.swift; path = RootContainerViewController.swift; sourceTree = "<group>"; };
		BAA992E61AE2000A00756EDF /* UIIView+EK.swift */ = {isa = PBXFileReference; fileEncoding = 4; lastKnownFileType = sourcecode.swift; path = "UIIView+EK.swift"; sourceTree = "<group>"; };
		BAA992F51AE2289100756EDF /* EKPageScrolling.swift */ = {isa = PBXFileReference; fileEncoding = 4; lastKnownFileType = sourcecode.swift; path = EKPageScrolling.swift; sourceTree = "<group>"; };
		BAC76CA51ADE34C50026F4D1 /* Portfolio.app */ = {isa = PBXFileReference; explicitFileType = wrapper.application; includeInIndex = 0; path = Portfolio.app; sourceTree = BUILT_PRODUCTS_DIR; };
		BAC76CA91ADE34C50026F4D1 /* Info.plist */ = {isa = PBXFileReference; lastKnownFileType = text.plist.xml; path = Info.plist; sourceTree = "<group>"; };
		BAC76CAA1ADE34C50026F4D1 /* AppDelegate.swift */ = {isa = PBXFileReference; lastKnownFileType = sourcecode.swift; path = AppDelegate.swift; sourceTree = "<group>"; };
		BAC76CB51ADE34C50026F4D1 /* Images.xcassets */ = {isa = PBXFileReference; lastKnownFileType = folder.assetcatalog; path = Images.xcassets; sourceTree = "<group>"; };
		BAC76CBE1ADE34C50026F4D1 /* PortfolioTests.xctest */ = {isa = PBXFileReference; explicitFileType = wrapper.cfbundle; includeInIndex = 0; path = PortfolioTests.xctest; sourceTree = BUILT_PRODUCTS_DIR; };
		BAC76CC31ADE34C50026F4D1 /* Info.plist */ = {isa = PBXFileReference; lastKnownFileType = text.plist.xml; path = Info.plist; sourceTree = "<group>"; };
		BAC76CC41ADE34C50026F4D1 /* PortfolioTests.swift */ = {isa = PBXFileReference; lastKnownFileType = sourcecode.swift; path = PortfolioTests.swift; sourceTree = "<group>"; };
		BAC76CD91ADE4C670026F4D1 /* LaunchScreen.xib */ = {isa = PBXFileReference; fileEncoding = 4; lastKnownFileType = file.xib; path = LaunchScreen.xib; sourceTree = "<group>"; };
		BAC76CDA1ADE4C670026F4D1 /* Main.storyboard */ = {isa = PBXFileReference; fileEncoding = 4; lastKnownFileType = file.storyboard; name = Main.storyboard; path = Interface/Main.storyboard; sourceTree = "<group>"; };
		BAC76CDB1ADE4C670026F4D1 /* PortfolioTableViewCell.xib */ = {isa = PBXFileReference; fileEncoding = 4; lastKnownFileType = file.xib; path = PortfolioTableViewCell.xib; sourceTree = "<group>"; };
		BAC76CE51ADFACCE0026F4D1 /* city.png */ = {isa = PBXFileReference; lastKnownFileType = image.png; path = city.png; sourceTree = "<group>"; };
		BAC76CE61ADFACCE0026F4D1 /* Profile-Pic.png */ = {isa = PBXFileReference; lastKnownFileType = image.png; path = "Profile-Pic.png"; sourceTree = "<group>"; };
		BAFA3A1E1AE35EA00004CD8C /* school.jpg */ = {isa = PBXFileReference; lastKnownFileType = image.jpeg; path = school.jpg; sourceTree = "<group>"; };
		BAFA3A201AE364FC0004CD8C /* coffee.jpg */ = {isa = PBXFileReference; lastKnownFileType = image.jpeg; path = coffee.jpg; sourceTree = "<group>"; };
		BAFA3A211AE364FC0004CD8C /* dock.jpg */ = {isa = PBXFileReference; lastKnownFileType = image.jpeg; path = dock.jpg; sourceTree = "<group>"; };
		BAFA3A261AE365E30004CD8C /* bay.jpg */ = {isa = PBXFileReference; lastKnownFileType = image.jpeg; path = bay.jpg; sourceTree = "<group>"; };
		BAFA3A281AE367990004CD8C /* water.jpeg */ = {isa = PBXFileReference; lastKnownFileType = image.jpeg; path = water.jpeg; sourceTree = "<group>"; };
/* End PBXFileReference section */

/* Begin PBXFrameworksBuildPhase section */
		BAC76CA21ADE34C50026F4D1 /* Frameworks */ = {
			isa = PBXFrameworksBuildPhase;
			buildActionMask = 2147483647;
			files = (
			);
			runOnlyForDeploymentPostprocessing = 0;
		};
		BAC76CBB1ADE34C50026F4D1 /* Frameworks */ = {
			isa = PBXFrameworksBuildPhase;
			buildActionMask = 2147483647;
			files = (
			);
			runOnlyForDeploymentPostprocessing = 0;
		};
/* End PBXFrameworksBuildPhase section */

/* Begin PBXGroup section */
		BAA992D71AE1FF5700756EDF /* Extension */ = {
			isa = PBXGroup;
			children = (
				BAA992D81AE1FF5700756EDF /* UIFont+EK.swift */,
				BAA992E61AE2000A00756EDF /* UIIView+EK.swift */,
			);
			path = Extension;
			sourceTree = "<group>";
		};
		BAA992D91AE1FF5700756EDF /* View */ = {
			isa = PBXGroup;
			children = (
				BA2CB43C1AE25BAD001E72BE /* ContainerDismissButton.h */,
				BA2CB43D1AE25BAD001E72BE /* ContainerDismissButton.m */,
				BAA992DA1AE1FF5700756EDF /* PortfolioTableViewCell.swift */,
			);
			path = View;
			sourceTree = "<group>";
		};
		BAA992DB1AE1FF5700756EDF /* ViewController */ = {
			isa = PBXGroup;
			children = (
				BAA992DC1AE1FF5700756EDF /* BaseChildViewController.swift */,
				BAA992DD1AE1FF5700756EDF /* HomeTableViewController.swift */,
				BAA992DE1AE1FF5700756EDF /* HomeViewController.swift */,
				BAA992DF1AE1FF5700756EDF /* RootContainerViewController.swift */,
			);
			path = ViewController;
			sourceTree = "<group>";
		};
		BAA992F41AE2288900756EDF /* Protocol */ = {
			isa = PBXGroup;
			children = (
				BAA992F51AE2289100756EDF /* EKPageScrolling.swift */,
			);
			path = Protocol;
			sourceTree = "<group>";
		};
		BAC76C9C1ADE34C50026F4D1 = {
			isa = PBXGroup;
			children = (
				BAC76CDA1ADE4C670026F4D1 /* Main.storyboard */,
				BAC76CD41ADE4C670026F4D1 /* Code */,
				BAC76CD71ADE4C670026F4D1 /* Graphics */,
				BAC76CD81ADE4C670026F4D1 /* Interface */,
				BAC76CA71ADE34C50026F4D1 /* Portfolio */,
				BAC76CC11ADE34C50026F4D1 /* PortfolioTests */,
				BAC76CA61ADE34C50026F4D1 /* Products */,
			);
			sourceTree = "<group>";
		};
		BAC76CA61ADE34C50026F4D1 /* Products */ = {
			isa = PBXGroup;
			children = (
				BAC76CA51ADE34C50026F4D1 /* Portfolio.app */,
				BAC76CBE1ADE34C50026F4D1 /* PortfolioTests.xctest */,
			);
			name = Products;
			sourceTree = "<group>";
		};
		BAC76CA71ADE34C50026F4D1 /* Portfolio */ = {
			isa = PBXGroup;
			children = (
				BA2CB43F1AE25C49001E72BE /* Portfolio-Bridging-Header.h */,
				BAC76CAA1ADE34C50026F4D1 /* AppDelegate.swift */,
				BAC76CB51ADE34C50026F4D1 /* Images.xcassets */,
				BAC76CA81ADE34C50026F4D1 /* Supporting Files */,
			);
			path = Portfolio;
			sourceTree = "<group>";
		};
		BAC76CA81ADE34C50026F4D1 /* Supporting Files */ = {
			isa = PBXGroup;
			children = (
				BAC76CA91ADE34C50026F4D1 /* Info.plist */,
			);
			name = "Supporting Files";
			sourceTree = "<group>";
		};
		BAC76CC11ADE34C50026F4D1 /* PortfolioTests */ = {
			isa = PBXGroup;
			children = (
				BAC76CC41ADE34C50026F4D1 /* PortfolioTests.swift */,
				BAC76CC21ADE34C50026F4D1 /* Supporting Files */,
			);
			path = PortfolioTests;
			sourceTree = "<group>";
		};
		BAC76CC21ADE34C50026F4D1 /* Supporting Files */ = {
			isa = PBXGroup;
			children = (
				BAC76CC31ADE34C50026F4D1 /* Info.plist */,
			);
			name = "Supporting Files";
			sourceTree = "<group>";
		};
		BAC76CD41ADE4C670026F4D1 /* Code */ = {
			isa = PBXGroup;
			children = (
				BAA992D71AE1FF5700756EDF /* Extension */,
				BAA992F41AE2288900756EDF /* Protocol */,
				BAA992D91AE1FF5700756EDF /* View */,
				BAA992DB1AE1FF5700756EDF /* ViewController */,
			);
			path = Code;
			sourceTree = "<group>";
		};
		BAC76CD71ADE4C670026F4D1 /* Graphics */ = {
			isa = PBXGroup;
			children = (
				BAFA3A261AE365E30004CD8C /* bay.jpg */,
				BAFA3A201AE364FC0004CD8C /* coffee.jpg */,
				BAFA3A281AE367990004CD8C /* water.jpeg */,
				BAFA3A211AE364FC0004CD8C /* dock.jpg */,
				BAFA3A1E1AE35EA00004CD8C /* school.jpg */,
				BAC76CE51ADFACCE0026F4D1 /* city.png */,
				BAC76CE61ADFACCE0026F4D1 /* Profile-Pic.png */,
			);
			path = Graphics;
			sourceTree = "<group>";
		};
		BAC76CD81ADE4C670026F4D1 /* Interface */ = {
			isa = PBXGroup;
			children = (
				BAC76CD91ADE4C670026F4D1 /* LaunchScreen.xib */,
				BAC76CDB1ADE4C670026F4D1 /* PortfolioTableViewCell.xib */,
			);
			path = Interface;
			sourceTree = "<group>";
		};
/* End PBXGroup section */

/* Begin PBXNativeTarget section */
		BAC76CA41ADE34C50026F4D1 /* Portfolio */ = {
			isa = PBXNativeTarget;
			buildConfigurationList = BAC76CC81ADE34C50026F4D1 /* Build configuration list for PBXNativeTarget "Portfolio" */;
			buildPhases = (
				BAC76CA11ADE34C50026F4D1 /* Sources */,
				BAC76CA21ADE34C50026F4D1 /* Frameworks */,
				BAC76CA31ADE34C50026F4D1 /* Resources */,
			);
			buildRules = (
			);
			dependencies = (
			);
			name = Portfolio;
			productName = Portfolio;
			productReference = BAC76CA51ADE34C50026F4D1 /* Portfolio.app */;
			productType = "com.apple.product-type.application";
		};
		BAC76CBD1ADE34C50026F4D1 /* PortfolioTests */ = {
			isa = PBXNativeTarget;
			buildConfigurationList = BAC76CCB1ADE34C50026F4D1 /* Build configuration list for PBXNativeTarget "PortfolioTests" */;
			buildPhases = (
				BAC76CBA1ADE34C50026F4D1 /* Sources */,
				BAC76CBB1ADE34C50026F4D1 /* Frameworks */,
				BAC76CBC1ADE34C50026F4D1 /* Resources */,
			);
			buildRules = (
			);
			dependencies = (
				BAC76CC01ADE34C50026F4D1 /* PBXTargetDependency */,
			);
			name = PortfolioTests;
			productName = PortfolioTests;
			productReference = BAC76CBE1ADE34C50026F4D1 /* PortfolioTests.xctest */;
			productType = "com.apple.product-type.bundle.unit-test";
		};
/* End PBXNativeTarget section */

/* Begin PBXProject section */
		BAC76C9D1ADE34C50026F4D1 /* Project object */ = {
			isa = PBXProject;
			attributes = {
				LastUpgradeCheck = 0630;
				ORGANIZATIONNAME = EddieKaiger;
				TargetAttributes = {
					BAC76CA41ADE34C50026F4D1 = {
						CreatedOnToolsVersion = 6.3;
						DevelopmentTeam = 5KT4ZVPMF8;
					};
					BAC76CBD1ADE34C50026F4D1 = {
						CreatedOnToolsVersion = 6.3;
						TestTargetID = BAC76CA41ADE34C50026F4D1;
					};
				};
			};
			buildConfigurationList = BAC76CA01ADE34C50026F4D1 /* Build configuration list for PBXProject "Portfolio" */;
			compatibilityVersion = "Xcode 3.2";
			developmentRegion = English;
			hasScannedForEncodings = 0;
			knownRegions = (
				en,
				Base,
			);
			mainGroup = BAC76C9C1ADE34C50026F4D1;
			productRefGroup = BAC76CA61ADE34C50026F4D1 /* Products */;
			projectDirPath = "";
			projectRoot = "";
			targets = (
				BAC76CA41ADE34C50026F4D1 /* Portfolio */,
				BAC76CBD1ADE34C50026F4D1 /* PortfolioTests */,
			);
		};
/* End PBXProject section */

/* Begin PBXResourcesBuildPhase section */
		BAC76CA31ADE34C50026F4D1 /* Resources */ = {
			isa = PBXResourcesBuildPhase;
			buildActionMask = 2147483647;
			files = (
				BAC76CE01ADE4C670026F4D1 /* PortfolioTableViewCell.xib in Resources */,
				BAFA3A271AE365E30004CD8C /* bay.jpg in Resources */,
				BAFA3A221AE364FC0004CD8C /* coffee.jpg in Resources */,
				BAFA3A1F1AE35EA00004CD8C /* school.jpg in Resources */,
				BAC76CDF1ADE4C670026F4D1 /* Main.storyboard in Resources */,
				BAFA3A231AE364FC0004CD8C /* dock.jpg in Resources */,
				BAC76CE81ADFACCE0026F4D1 /* Profile-Pic.png in Resources */,
				BAC76CE71ADFACCE0026F4D1 /* city.png in Resources */,
				BAFA3A291AE367990004CD8C /* water.jpeg in Resources */,
				BAC76CDE1ADE4C670026F4D1 /* LaunchScreen.xib in Resources */,
				BAC76CB61ADE34C50026F4D1 /* Images.xcassets in Resources */,
			);
			runOnlyForDeploymentPostprocessing = 0;
		};
		BAC76CBC1ADE34C50026F4D1 /* Resources */ = {
			isa = PBXResourcesBuildPhase;
			buildActionMask = 2147483647;
			files = (
			);
			runOnlyForDeploymentPostprocessing = 0;
		};
/* End PBXResourcesBuildPhase section */

/* Begin PBXSourcesBuildPhase section */
		BAC76CA11ADE34C50026F4D1 /* Sources */ = {
			isa = PBXSourcesBuildPhase;
			buildActionMask = 2147483647;
			files = (
				BAA992E71AE2000A00756EDF /* UIIView+EK.swift in Sources */,
				BAA992E01AE1FF5700756EDF /* UIFont+EK.swift in Sources */,
				BA2CB43E1AE25BAD001E72BE /* ContainerDismissButton.m in Sources */,
				BAA992E11AE1FF5700756EDF /* PortfolioTableViewCell.swift in Sources */,
				BAA992E51AE1FF5700756EDF /* RootContainerViewController.swift in Sources */,
				BAA992E21AE1FF5700756EDF /* BaseChildViewController.swift in Sources */,
				BAA992E31AE1FF5700756EDF /* HomeTableViewController.swift in Sources */,
				BAC76CAB1ADE34C50026F4D1 /* AppDelegate.swift in Sources */,
				BAA992E41AE1FF5700756EDF /* HomeViewController.swift in Sources */,
				BAA992F61AE2289100756EDF /* EKPageScrolling.swift in Sources */,
			);
			runOnlyForDeploymentPostprocessing = 0;
		};
		BAC76CBA1ADE34C50026F4D1 /* Sources */ = {
			isa = PBXSourcesBuildPhase;
			buildActionMask = 2147483647;
			files = (
				BAC76CC51ADE34C50026F4D1 /* PortfolioTests.swift in Sources */,
			);
			runOnlyForDeploymentPostprocessing = 0;
		};
/* End PBXSourcesBuildPhase section */

/* Begin PBXTargetDependency section */
		BAC76CC01ADE34C50026F4D1 /* PBXTargetDependency */ = {
			isa = PBXTargetDependency;
			target = BAC76CA41ADE34C50026F4D1 /* Portfolio */;
			targetProxy = BAC76CBF1ADE34C50026F4D1 /* PBXContainerItemProxy */;
		};
/* End PBXTargetDependency section */

/* Begin XCBuildConfiguration section */
		BAC76CC61ADE34C50026F4D1 /* Debug */ = {
			isa = XCBuildConfiguration;
			buildSettings = {
				ALWAYS_SEARCH_USER_PATHS = NO;
				CLANG_CXX_LANGUAGE_STANDARD = "gnu++0x";
				CLANG_CXX_LIBRARY = "libc++";
				CLANG_ENABLE_MODULES = YES;
				CLANG_ENABLE_OBJC_ARC = YES;
				CLANG_WARN_BOOL_CONVERSION = YES;
				CLANG_WARN_CONSTANT_CONVERSION = YES;
				CLANG_WARN_DIRECT_OBJC_ISA_USAGE = YES_ERROR;
				CLANG_WARN_EMPTY_BODY = YES;
				CLANG_WARN_ENUM_CONVERSION = YES;
				CLANG_WARN_INT_CONVERSION = YES;
				CLANG_WARN_OBJC_ROOT_CLASS = YES_ERROR;
				CLANG_WARN_UNREACHABLE_CODE = YES;
				CLANG_WARN__DUPLICATE_METHOD_MATCH = YES;
				"CODE_SIGN_IDENTITY[sdk=iphoneos*]" = "iPhone Developer";
				COPY_PHASE_STRIP = NO;
				DEBUG_INFORMATION_FORMAT = "dwarf-with-dsym";
				ENABLE_STRICT_OBJC_MSGSEND = YES;
				GCC_C_LANGUAGE_STANDARD = gnu99;
				GCC_DYNAMIC_NO_PIC = NO;
				GCC_NO_COMMON_BLOCKS = YES;
				GCC_OPTIMIZATION_LEVEL = 0;
				GCC_PREPROCESSOR_DEFINITIONS = (
					"DEBUG=1",
					"$(inherited)",
				);
				GCC_SYMBOLS_PRIVATE_EXTERN = NO;
				GCC_WARN_64_TO_32_BIT_CONVERSION = YES;
				GCC_WARN_ABOUT_RETURN_TYPE = YES_ERROR;
				GCC_WARN_UNDECLARED_SELECTOR = YES;
				GCC_WARN_UNINITIALIZED_AUTOS = YES_AGGRESSIVE;
				GCC_WARN_UNUSED_FUNCTION = YES;
				GCC_WARN_UNUSED_VARIABLE = YES;
				IPHONEOS_DEPLOYMENT_TARGET = 8.3;
				MTL_ENABLE_DEBUG_INFO = YES;
				ONLY_ACTIVE_ARCH = YES;
				SDKROOT = iphoneos;
				SWIFT_OPTIMIZATION_LEVEL = "-Onone";
			};
			name = Debug;
		};
		BAC76CC71ADE34C50026F4D1 /* Release */ = {
			isa = XCBuildConfiguration;
			buildSettings = {
				ALWAYS_SEARCH_USER_PATHS = NO;
				CLANG_CXX_LANGUAGE_STANDARD = "gnu++0x";
				CLANG_CXX_LIBRARY = "libc++";
				CLANG_ENABLE_MODULES = YES;
				CLANG_ENABLE_OBJC_ARC = YES;
				CLANG_WARN_BOOL_CONVERSION = YES;
				CLANG_WARN_CONSTANT_CONVERSION = YES;
				CLANG_WARN_DIRECT_OBJC_ISA_USAGE = YES_ERROR;
				CLANG_WARN_EMPTY_BODY = YES;
				CLANG_WARN_ENUM_CONVERSION = YES;
				CLANG_WARN_INT_CONVERSION = YES;
				CLANG_WARN_OBJC_ROOT_CLASS = YES_ERROR;
				CLANG_WARN_UNREACHABLE_CODE = YES;
				CLANG_WARN__DUPLICATE_METHOD_MATCH = YES;
				"CODE_SIGN_IDENTITY[sdk=iphoneos*]" = "iPhone Developer";
				COPY_PHASE_STRIP = NO;
				DEBUG_INFORMATION_FORMAT = "dwarf-with-dsym";
				ENABLE_NS_ASSERTIONS = NO;
				ENABLE_STRICT_OBJC_MSGSEND = YES;
				GCC_C_LANGUAGE_STANDARD = gnu99;
				GCC_NO_COMMON_BLOCKS = YES;
				GCC_WARN_64_TO_32_BIT_CONVERSION = YES;
				GCC_WARN_ABOUT_RETURN_TYPE = YES_ERROR;
				GCC_WARN_UNDECLARED_SELECTOR = YES;
				GCC_WARN_UNINITIALIZED_AUTOS = YES_AGGRESSIVE;
				GCC_WARN_UNUSED_FUNCTION = YES;
				GCC_WARN_UNUSED_VARIABLE = YES;
				IPHONEOS_DEPLOYMENT_TARGET = 8.3;
				MTL_ENABLE_DEBUG_INFO = NO;
				SDKROOT = iphoneos;
				VALIDATE_PRODUCT = YES;
			};
			name = Release;
		};
		BAC76CC91ADE34C50026F4D1 /* Debug */ = {
			isa = XCBuildConfiguration;
			buildSettings = {
				ASSETCATALOG_COMPILER_APPICON_NAME = AppIcon;
				CLANG_ENABLE_MODULES = YES;
				CODE_SIGN_IDENTITY = "iPhone Developer";
				"CODE_SIGN_IDENTITY[sdk=iphoneos*]" = "iPhone Developer";
				INFOPLIST_FILE = Portfolio/Info.plist;
				IPHONEOS_DEPLOYMENT_TARGET = 8.0;
				LD_RUNPATH_SEARCH_PATHS = "$(inherited) @executable_path/Frameworks";
				PRODUCT_NAME = "$(TARGET_NAME)";
				PROVISIONING_PROFILE = "";
				SWIFT_INSTALL_OBJC_HEADER = YES;
				SWIFT_OBJC_BRIDGING_HEADER = "Portfolio/Portfolio-Bridging-Header.h";
				SWIFT_OPTIMIZATION_LEVEL = "-Onone";
			};
			name = Debug;
		};
		BAC76CCA1ADE34C50026F4D1 /* Release */ = {
			isa = XCBuildConfiguration;
			buildSettings = {
				ASSETCATALOG_COMPILER_APPICON_NAME = AppIcon;
				CLANG_ENABLE_MODULES = YES;
				CODE_SIGN_IDENTITY = "iPhone Developer";
				"CODE_SIGN_IDENTITY[sdk=iphoneos*]" = "iPhone Developer";
				INFOPLIST_FILE = Portfolio/Info.plist;
				IPHONEOS_DEPLOYMENT_TARGET = 8.0;
				LD_RUNPATH_SEARCH_PATHS = "$(inherited) @executable_path/Frameworks";
				PRODUCT_NAME = "$(TARGET_NAME)";
				PROVISIONING_PROFILE = "";
				SWIFT_INSTALL_OBJC_HEADER = YES;
				SWIFT_OBJC_BRIDGING_HEADER = "Portfolio/Portfolio-Bridging-Header.h";
			};
			name = Release;
		};
		BAC76CCC1ADE34C50026F4D1 /* Debug */ = {
			isa = XCBuildConfiguration;
			buildSettings = {
				BUNDLE_LOADER = "$(TEST_HOST)";
				FRAMEWORK_SEARCH_PATHS = (
					"$(SDKROOT)/Developer/Library/Frameworks",
					"$(inherited)",
				);
				GCC_PREPROCESSOR_DEFINITIONS = (
					"DEBUG=1",
					"$(inherited)",
				);
				INFOPLIST_FILE = PortfolioTests/Info.plist;
				LD_RUNPATH_SEARCH_PATHS = "$(inherited) @executable_path/Frameworks @loader_path/Frameworks";
				PRODUCT_NAME = "$(TARGET_NAME)";
				TEST_HOST = "$(BUILT_PRODUCTS_DIR)/Portfolio.app/Portfolio";
			};
			name = Debug;
		};
		BAC76CCD1ADE34C50026F4D1 /* Release */ = {
			isa = XCBuildConfiguration;
			buildSettings = {
				BUNDLE_LOADER = "$(TEST_HOST)";
				FRAMEWORK_SEARCH_PATHS = (
					"$(SDKROOT)/Developer/Library/Frameworks",
					"$(inherited)",
				);
				INFOPLIST_FILE = PortfolioTests/Info.plist;
				LD_RUNPATH_SEARCH_PATHS = "$(inherited) @executable_path/Frameworks @loader_path/Frameworks";
				PRODUCT_NAME = "$(TARGET_NAME)";
				TEST_HOST = "$(BUILT_PRODUCTS_DIR)/Portfolio.app/Portfolio";
			};
			name = Release;
		};
/* End XCBuildConfiguration section */

/* Begin XCConfigurationList section */
		BAC76CA01ADE34C50026F4D1 /* Build configuration list for PBXProject "Portfolio" */ = {
			isa = XCConfigurationList;
			buildConfigurations = (
				BAC76CC61ADE34C50026F4D1 /* Debug */,
				BAC76CC71ADE34C50026F4D1 /* Release */,
			);
			defaultConfigurationIsVisible = 0;
			defaultConfigurationName = Release;
		};
		BAC76CC81ADE34C50026F4D1 /* Build configuration list for PBXNativeTarget "Portfolio" */ = {
			isa = XCConfigurationList;
			buildConfigurations = (
				BAC76CC91ADE34C50026F4D1 /* Debug */,
				BAC76CCA1ADE34C50026F4D1 /* Release */,
			);
			defaultConfigurationIsVisible = 0;
			defaultConfigurationName = Release;
		};
		BAC76CCB1ADE34C50026F4D1 /* Build configuration list for PBXNativeTarget "PortfolioTests" */ = {
			isa = XCConfigurationList;
			buildConfigurations = (
				BAC76CCC1ADE34C50026F4D1 /* Debug */,
				BAC76CCD1ADE34C50026F4D1 /* Release */,
			);
			defaultConfigurationIsVisible = 0;
			defaultConfigurationName = Release;
		};
/* End XCConfigurationList section */
	};
	rootObject = BAC76C9D1ADE34C50026F4D1 /* Project object */;
}
