// !$*UTF8*$!
{
	archiveVersion = 1;
	classes = {
	};
	objectVersion = 46;
	objects = {

/* Begin PBXBuildFile section */
		BA3323241AEAECA7003C04A6 /* ContainerDismissButton.m in Sources */ = {isa = PBXBuildFile; fileRef = BA3323231AEAECA7003C04A6 /* ContainerDismissButton.m */; };
		BA3323261AEAECAF003C04A6 /* EKItemTableViewCell.swift in Sources */ = {isa = PBXBuildFile; fileRef = BA3323251AEAECAF003C04A6 /* EKItemTableViewCell.swift */; };
		BA3323281AEAED44003C04A6 /* EKItemTableViewCell.xib in Resources */ = {isa = PBXBuildFile; fileRef = BA3323271AEAED44003C04A6 /* EKItemTableViewCell.xib */; };
		BA33232A1AEAEF9B003C04A6 /* PortfolioTableViewCell.swift in Sources */ = {isa = PBXBuildFile; fileRef = BA3323291AEAEF9B003C04A6 /* PortfolioTableViewCell.swift */; };
		BA344F201AE38E1600F2E44E /* AboutMeDescriptionViewController.swift in Sources */ = {isa = PBXBuildFile; fileRef = BA344F1F1AE38E1600F2E44E /* AboutMeDescriptionViewController.swift */; };
		BA344F221AE38E5500F2E44E /* AboutMeHobbiesViewController.swift in Sources */ = {isa = PBXBuildFile; fileRef = BA344F211AE38E5500F2E44E /* AboutMeHobbiesViewController.swift */; };
		BA344F241AE38E6100F2E44E /* AboutMeWWDCViewController.swift in Sources */ = {isa = PBXBuildFile; fileRef = BA344F231AE38E6100F2E44E /* AboutMeWWDCViewController.swift */; };
		BA344F271AE4EC0800F2E44E /* ScrollRight@2x.png in Resources */ = {isa = PBXBuildFile; fileRef = BA344F251AE4EC0800F2E44E /* ScrollRight@2x.png */; };
		BA344F281AE4EC0800F2E44E /* ScrollRight@3x.png in Resources */ = {isa = PBXBuildFile; fileRef = BA344F261AE4EC0800F2E44E /* ScrollRight@3x.png */; };
		BA4746B21AEB8916001DE01E /* Spotr@2x.png in Resources */ = {isa = PBXBuildFile; fileRef = BA4746B01AEB8916001DE01E /* Spotr@2x.png */; };
		BA4746B31AEB8916001DE01E /* Spotr@3x.png in Resources */ = {isa = PBXBuildFile; fileRef = BA4746B11AEB8916001DE01E /* Spotr@3x.png */; };
		BA4746B51AEB91AE001DE01E /* Weeblog.jpg in Resources */ = {isa = PBXBuildFile; fileRef = BA4746B41AEB91AE001DE01E /* Weeblog.jpg */; };
		BA4B98141AE8EB0500D094F8 /* UCDLogo.png in Resources */ = {isa = PBXBuildFile; fileRef = BA4B98131AE8EB0500D094F8 /* UCDLogo.png */; };
		BA7F62CF1AEC34DC0049BEFA /* LeapFrog@2x.png in Resources */ = {isa = PBXBuildFile; fileRef = BA7F62CD1AEC34DC0049BEFA /* LeapFrog@2x.png */; };
		BA7F62D01AEC34DC0049BEFA /* LeapFrog@3x.png in Resources */ = {isa = PBXBuildFile; fileRef = BA7F62CE1AEC34DC0049BEFA /* LeapFrog@3x.png */; };
		BA7F62D21AEC367F0049BEFA /* ExpSkillsViewController.swift in Sources */ = {isa = PBXBuildFile; fileRef = BA7F62D11AEC367F0049BEFA /* ExpSkillsViewController.swift */; };
		BA7F62D61AEC41C50049BEFA /* Trulia.png in Resources */ = {isa = PBXBuildFile; fileRef = BA7F62D51AEC41C50049BEFA /* Trulia.png */; };
		BA7F62D81AEC4D660049BEFA /* GraceCity.png in Resources */ = {isa = PBXBuildFile; fileRef = BA7F62D71AEC4D660049BEFA /* GraceCity.png */; };
		BA7F62DE1AEC56B70049BEFA /* Weebly.jpg in Resources */ = {isa = PBXBuildFile; fileRef = BA7F62DD1AEC56B70049BEFA /* Weebly.jpg */; };
		BA7F62E11AEC74980049BEFA /* InitialsLogo@2x.png in Resources */ = {isa = PBXBuildFile; fileRef = BA7F62DF1AEC74980049BEFA /* InitialsLogo@2x.png */; };
		BA7F62E21AEC74980049BEFA /* InitialsLogo@3x.png in Resources */ = {isa = PBXBuildFile; fileRef = BA7F62E01AEC74980049BEFA /* InitialsLogo@3x.png */; };
		BAA6C8611AEB38F0009DB888 /* EKActionButton.swift in Sources */ = {isa = PBXBuildFile; fileRef = BAA6C8601AEB38F0009DB888 /* EKActionButton.swift */; };
		BAA992E01AE1FF5700756EDF /* UIFont+EK.swift in Sources */ = {isa = PBXBuildFile; fileRef = BAA992D81AE1FF5700756EDF /* UIFont+EK.swift */; };
		BAA992E21AE1FF5700756EDF /* BaseChildViewController.swift in Sources */ = {isa = PBXBuildFile; fileRef = BAA992DC1AE1FF5700756EDF /* BaseChildViewController.swift */; };
		BAA992E31AE1FF5700756EDF /* HomeTableViewController.swift in Sources */ = {isa = PBXBuildFile; fileRef = BAA992DD1AE1FF5700756EDF /* HomeTableViewController.swift */; };
		BAA992E41AE1FF5700756EDF /* HomeViewController.swift in Sources */ = {isa = PBXBuildFile; fileRef = BAA992DE1AE1FF5700756EDF /* HomeViewController.swift */; };
		BAA992E51AE1FF5700756EDF /* RootContainerViewController.swift in Sources */ = {isa = PBXBuildFile; fileRef = BAA992DF1AE1FF5700756EDF /* RootContainerViewController.swift */; };
		BAA992E71AE2000A00756EDF /* UIIView+EK.swift in Sources */ = {isa = PBXBuildFile; fileRef = BAA992E61AE2000A00756EDF /* UIIView+EK.swift */; };
		BAA992F61AE2289100756EDF /* EKPageScrolling.swift in Sources */ = {isa = PBXBuildFile; fileRef = BAA992F51AE2289100756EDF /* EKPageScrolling.swift */; };
		BABCDDF81AEB3C9B0037D8F6 /* AppDelegate.swift in Sources */ = {isa = PBXBuildFile; fileRef = BABCDDF41AEB3C9B0037D8F6 /* AppDelegate.swift */; };
		BABCDDF91AEB3C9B0037D8F6 /* Images.xcassets in Resources */ = {isa = PBXBuildFile; fileRef = BABCDDF51AEB3C9B0037D8F6 /* Images.xcassets */; };
		BABCDDFD1AEB44C40037D8F6 /* ExaltedScreenshot.png in Resources */ = {isa = PBXBuildFile; fileRef = BABCDDFC1AEB44C40037D8F6 /* ExaltedScreenshot.png */; };
		BABCDDFF1AEB4F180037D8F6 /* ProjectsExaltedMoreViewController.swift in Sources */ = {isa = PBXBuildFile; fileRef = BABCDDFE1AEB4F180037D8F6 /* ProjectsExaltedMoreViewController.swift */; };
		BAC76CC51ADE34C50026F4D1 /* PortfolioTests.swift in Sources */ = {isa = PBXBuildFile; fileRef = BAC76CC41ADE34C50026F4D1 /* PortfolioTests.swift */; };
		BAC76CDE1ADE4C670026F4D1 /* LaunchScreen.xib in Resources */ = {isa = PBXBuildFile; fileRef = BAC76CD91ADE4C670026F4D1 /* LaunchScreen.xib */; };
		BAC76CDF1ADE4C670026F4D1 /* Main.storyboard in Resources */ = {isa = PBXBuildFile; fileRef = BAC76CDA1ADE4C670026F4D1 /* Main.storyboard */; };
		BAC76CE01ADE4C670026F4D1 /* PortfolioTableViewCell.xib in Resources */ = {isa = PBXBuildFile; fileRef = BAC76CDB1ADE4C670026F4D1 /* PortfolioTableViewCell.xib */; };
		BAC76CE71ADFACCE0026F4D1 /* city.png in Resources */ = {isa = PBXBuildFile; fileRef = BAC76CE51ADFACCE0026F4D1 /* city.png */; };
		BAC76CE81ADFACCE0026F4D1 /* Profile-Pic.png in Resources */ = {isa = PBXBuildFile; fileRef = BAC76CE61ADFACCE0026F4D1 /* Profile-Pic.png */; };
		BAE06D251AE56A5D00ED245F /* ProjectsExaltedViewController.swift in Sources */ = {isa = PBXBuildFile; fileRef = BAE06D241AE56A5D00ED245F /* ProjectsExaltedViewController.swift */; };
		BAE06D291AE56A7200ED245F /* ProjectsWeeblogViewController.swift in Sources */ = {isa = PBXBuildFile; fileRef = BAE06D281AE56A7200ED245F /* ProjectsWeeblogViewController.swift */; };
		BAE06D2B1AE56A7B00ED245F /* ProjectsSpotrViewController.swift in Sources */ = {isa = PBXBuildFile; fileRef = BAE06D2A1AE56A7B00ED245F /* ProjectsSpotrViewController.swift */; };
		BAE06D2D1AE56A8A00ED245F /* ProjectsLeapFrogViewController.swift in Sources */ = {isa = PBXBuildFile; fileRef = BAE06D2C1AE56A8A00ED245F /* ProjectsLeapFrogViewController.swift */; };
		BAE06D2F1AE56AA700ED245F /* EduIntroViewController.swift in Sources */ = {isa = PBXBuildFile; fileRef = BAE06D2E1AE56AA700ED245F /* EduIntroViewController.swift */; };
		BAE06D311AE56AB700ED245F /* EduGraduationViewController.swift in Sources */ = {isa = PBXBuildFile; fileRef = BAE06D301AE56AB700ED245F /* EduGraduationViewController.swift */; };
		BAE06D331AE56ABF00ED245F /* EduGPAViewController.swift in Sources */ = {isa = PBXBuildFile; fileRef = BAE06D321AE56ABF00ED245F /* EduGPAViewController.swift */; };
		BAE06D351AE56ACB00ED245F /* EduCourseworkViewController.swift in Sources */ = {isa = PBXBuildFile; fileRef = BAE06D341AE56ACB00ED245F /* EduCourseworkViewController.swift */; };
		BAE06D371AE56AD300ED245F /* EduFunFactViewController.swift in Sources */ = {isa = PBXBuildFile; fileRef = BAE06D361AE56AD300ED245F /* EduFunFactViewController.swift */; };
		BAE06D391AE56AE800ED245F /* ExpTruliaViewController.swift in Sources */ = {isa = PBXBuildFile; fileRef = BAE06D381AE56AE800ED245F /* ExpTruliaViewController.swift */; };
		BAE06D3B1AE56B0100ED245F /* ExpTGNIntroViewController.swift in Sources */ = {isa = PBXBuildFile; fileRef = BAE06D3A1AE56B0100ED245F /* ExpTGNIntroViewController.swift */; };
		BAE06D3D1AE56B0800ED245F /* ExpTGNMoreViewController.swift in Sources */ = {isa = PBXBuildFile; fileRef = BAE06D3C1AE56B0800ED245F /* ExpTGNMoreViewController.swift */; };
		BAE06D3F1AE56B1000ED245F /* ExpWeeblyViewController.swift in Sources */ = {isa = PBXBuildFile; fileRef = BAE06D3E1AE56B1000ED245F /* ExpWeeblyViewController.swift */; };
		BAE06D411AE56B3D00ED245F /* ContactViewController.swift in Sources */ = {isa = PBXBuildFile; fileRef = BAE06D401AE56B3D00ED245F /* ContactViewController.swift */; };
		BAE06D431AE56B4500ED245F /* AboutAppViewController.swift in Sources */ = {isa = PBXBuildFile; fileRef = BAE06D421AE56B4500ED245F /* AboutAppViewController.swift */; };
		BAFA3A1F1AE35EA00004CD8C /* school.jpg in Resources */ = {isa = PBXBuildFile; fileRef = BAFA3A1E1AE35EA00004CD8C /* school.jpg */; };
		BAFA3A221AE364FC0004CD8C /* coffee.jpg in Resources */ = {isa = PBXBuildFile; fileRef = BAFA3A201AE364FC0004CD8C /* coffee.jpg */; };
		BAFA3A231AE364FC0004CD8C /* dock.jpg in Resources */ = {isa = PBXBuildFile; fileRef = BAFA3A211AE364FC0004CD8C /* dock.jpg */; };
		BAFA3A271AE365E30004CD8C /* bay.jpg in Resources */ = {isa = PBXBuildFile; fileRef = BAFA3A261AE365E30004CD8C /* bay.jpg */; };
		BAFA3A291AE367990004CD8C /* water.jpeg in Resources */ = {isa = PBXBuildFile; fileRef = BAFA3A281AE367990004CD8C /* water.jpeg */; };
		BAFA3A331AE380AD0004CD8C /* AboutMeIntroViewController.swift in Sources */ = {isa = PBXBuildFile; fileRef = BAFA3A321AE380AD0004CD8C /* AboutMeIntroViewController.swift */; };
/* End PBXBuildFile section */

/* Begin PBXContainerItemProxy section */
		BAC76CBF1ADE34C50026F4D1 /* PBXContainerItemProxy */ = {
			isa = PBXContainerItemProxy;
			containerPortal = BAC76C9D1ADE34C50026F4D1 /* Project object */;
			proxyType = 1;
			remoteGlobalIDString = BAC76CA41ADE34C50026F4D1;
			remoteInfo = Portfolio;
		};
/* End PBXContainerItemProxy section */

/* Begin PBXFileReference section */
		BA3323221AEAECA7003C04A6 /* ContainerDismissButton.h */ = {isa = PBXFileReference; fileEncoding = 4; lastKnownFileType = sourcecode.c.h; path = ContainerDismissButton.h; sourceTree = "<group>"; };
		BA3323231AEAECA7003C04A6 /* ContainerDismissButton.m */ = {isa = PBXFileReference; fileEncoding = 4; lastKnownFileType = sourcecode.c.objc; path = ContainerDismissButton.m; sourceTree = "<group>"; };
		BA3323251AEAECAF003C04A6 /* EKItemTableViewCell.swift */ = {isa = PBXFileReference; fileEncoding = 4; lastKnownFileType = sourcecode.swift; path = EKItemTableViewCell.swift; sourceTree = "<group>"; };
		BA3323271AEAED44003C04A6 /* EKItemTableViewCell.xib */ = {isa = PBXFileReference; fileEncoding = 4; lastKnownFileType = file.xib; path = EKItemTableViewCell.xib; sourceTree = "<group>"; };
		BA3323291AEAEF9B003C04A6 /* PortfolioTableViewCell.swift */ = {isa = PBXFileReference; fileEncoding = 4; lastKnownFileType = sourcecode.swift; path = PortfolioTableViewCell.swift; sourceTree = "<group>"; };
		BA344F1F1AE38E1600F2E44E /* AboutMeDescriptionViewController.swift */ = {isa = PBXFileReference; fileEncoding = 4; lastKnownFileType = sourcecode.swift; path = AboutMeDescriptionViewController.swift; sourceTree = "<group>"; };
		BA344F211AE38E5500F2E44E /* AboutMeHobbiesViewController.swift */ = {isa = PBXFileReference; fileEncoding = 4; lastKnownFileType = sourcecode.swift; path = AboutMeHobbiesViewController.swift; sourceTree = "<group>"; };
		BA344F231AE38E6100F2E44E /* AboutMeWWDCViewController.swift */ = {isa = PBXFileReference; fileEncoding = 4; lastKnownFileType = sourcecode.swift; path = AboutMeWWDCViewController.swift; sourceTree = "<group>"; };
		BA344F251AE4EC0800F2E44E /* ScrollRight@2x.png */ = {isa = PBXFileReference; lastKnownFileType = image.png; path = "ScrollRight@2x.png"; sourceTree = "<group>"; };
		BA344F261AE4EC0800F2E44E /* ScrollRight@3x.png */ = {isa = PBXFileReference; lastKnownFileType = image.png; path = "ScrollRight@3x.png"; sourceTree = "<group>"; };
		BA4746B01AEB8916001DE01E /* Spotr@2x.png */ = {isa = PBXFileReference; lastKnownFileType = image.png; path = "Spotr@2x.png"; sourceTree = "<group>"; };
		BA4746B11AEB8916001DE01E /* Spotr@3x.png */ = {isa = PBXFileReference; lastKnownFileType = image.png; path = "Spotr@3x.png"; sourceTree = "<group>"; };
		BA4746B41AEB91AE001DE01E /* Weeblog.jpg */ = {isa = PBXFileReference; lastKnownFileType = image.jpeg; path = Weeblog.jpg; sourceTree = "<group>"; };
		BA4B98131AE8EB0500D094F8 /* UCDLogo.png */ = {isa = PBXFileReference; lastKnownFileType = image.png; path = UCDLogo.png; sourceTree = "<group>"; };
		BA7F62CD1AEC34DC0049BEFA /* LeapFrog@2x.png */ = {isa = PBXFileReference; lastKnownFileType = image.png; path = "LeapFrog@2x.png"; sourceTree = "<group>"; };
		BA7F62CE1AEC34DC0049BEFA /* LeapFrog@3x.png */ = {isa = PBXFileReference; lastKnownFileType = image.png; path = "LeapFrog@3x.png"; sourceTree = "<group>"; };
		BA7F62D11AEC367F0049BEFA /* ExpSkillsViewController.swift */ = {isa = PBXFileReference; fileEncoding = 4; lastKnownFileType = sourcecode.swift; path = ExpSkillsViewController.swift; sourceTree = "<group>"; };
		BA7F62D51AEC41C50049BEFA /* Trulia.png */ = {isa = PBXFileReference; lastKnownFileType = image.png; path = Trulia.png; sourceTree = "<group>"; };
		BA7F62D71AEC4D660049BEFA /* GraceCity.png */ = {isa = PBXFileReference; lastKnownFileType = image.png; path = GraceCity.png; sourceTree = "<group>"; };
		BA7F62DD1AEC56B70049BEFA /* Weebly.jpg */ = {isa = PBXFileReference; lastKnownFileType = image.jpeg; path = Weebly.jpg; sourceTree = "<group>"; };
		BA7F62DF1AEC74980049BEFA /* InitialsLogo@2x.png */ = {isa = PBXFileReference; lastKnownFileType = image.png; path = "InitialsLogo@2x.png"; sourceTree = "<group>"; };
		BA7F62E01AEC74980049BEFA /* InitialsLogo@3x.png */ = {isa = PBXFileReference; lastKnownFileType = image.png; path = "InitialsLogo@3x.png"; sourceTree = "<group>"; };
		BAA6C8601AEB38F0009DB888 /* EKActionButton.swift */ = {isa = PBXFileReference; fileEncoding = 4; lastKnownFileType = sourcecode.swift; path = EKActionButton.swift; sourceTree = "<group>"; };
		BAA992D81AE1FF5700756EDF /* UIFont+EK.swift */ = {isa = PBXFileReference; fileEncoding = 4; lastKnownFileType = sourcecode.swift; path = "UIFont+EK.swift"; sourceTree = "<group>"; };
		BAA992DC1AE1FF5700756EDF /* BaseChildViewController.swift */ = {isa = PBXFileReference; fileEncoding = 4; lastKnownFileType = sourcecode.swift; path = BaseChildViewController.swift; sourceTree = "<group>"; };
		BAA992DD1AE1FF5700756EDF /* HomeTableViewController.swift */ = {isa = PBXFileReference; fileEncoding = 4; lastKnownFileType = sourcecode.swift; path = HomeTableViewController.swift; sourceTree = "<group>"; };
		BAA992DE1AE1FF5700756EDF /* HomeViewController.swift */ = {isa = PBXFileReference; fileEncoding = 4; lastKnownFileType = sourcecode.swift; path = HomeViewController.swift; sourceTree = "<group>"; };
		BAA992DF1AE1FF5700756EDF /* RootContainerViewController.swift */ = {isa = PBXFileReference; fileEncoding = 4; lastKnownFileType = sourcecode.swift; path = RootContainerViewController.swift; sourceTree = "<group>"; };
		BAA992E61AE2000A00756EDF /* UIIView+EK.swift */ = {isa = PBXFileReference; fileEncoding = 4; lastKnownFileType = sourcecode.swift; path = "UIIView+EK.swift"; sourceTree = "<group>"; };
		BAA992F51AE2289100756EDF /* EKPageScrolling.swift */ = {isa = PBXFileReference; fileEncoding = 4; lastKnownFileType = sourcecode.swift; path = EKPageScrolling.swift; sourceTree = "<group>"; };
		BABCDDF41AEB3C9B0037D8F6 /* AppDelegate.swift */ = {isa = PBXFileReference; fileEncoding = 4; lastKnownFileType = sourcecode.swift; path = AppDelegate.swift; sourceTree = "<group>"; };
		BABCDDF51AEB3C9B0037D8F6 /* Images.xcassets */ = {isa = PBXFileReference; lastKnownFileType = folder.assetcatalog; path = Images.xcassets; sourceTree = "<group>"; };
		BABCDDF61AEB3C9B0037D8F6 /* Info.plist */ = {isa = PBXFileReference; fileEncoding = 4; lastKnownFileType = text.plist.xml; path = Info.plist; sourceTree = "<group>"; };
		BABCDDF71AEB3C9B0037D8F6 /* EK-Bridging-Header.h */ = {isa = PBXFileReference; fileEncoding = 4; lastKnownFileType = sourcecode.c.h; path = "EK-Bridging-Header.h"; sourceTree = "<group>"; };
		BABCDDFC1AEB44C40037D8F6 /* ExaltedScreenshot.png */ = {isa = PBXFileReference; lastKnownFileType = image.png; path = ExaltedScreenshot.png; sourceTree = "<group>"; };
		BABCDDFE1AEB4F180037D8F6 /* ProjectsExaltedMoreViewController.swift */ = {isa = PBXFileReference; fileEncoding = 4; lastKnownFileType = sourcecode.swift; path = ProjectsExaltedMoreViewController.swift; sourceTree = "<group>"; };
		BAC76CA51ADE34C50026F4D1 /* Eddie Kaiger.app */ = {isa = PBXFileReference; explicitFileType = wrapper.application; includeInIndex = 0; path = "Eddie Kaiger.app"; sourceTree = BUILT_PRODUCTS_DIR; };
		BAC76CBE1ADE34C50026F4D1 /* Eddie KaigerTests.xctest */ = {isa = PBXFileReference; explicitFileType = wrapper.cfbundle; includeInIndex = 0; path = "Eddie KaigerTests.xctest"; sourceTree = BUILT_PRODUCTS_DIR; };
		BAC76CC31ADE34C50026F4D1 /* Info.plist */ = {isa = PBXFileReference; lastKnownFileType = text.plist.xml; path = Info.plist; sourceTree = "<group>"; };
		BAC76CC41ADE34C50026F4D1 /* PortfolioTests.swift */ = {isa = PBXFileReference; lastKnownFileType = sourcecode.swift; path = PortfolioTests.swift; sourceTree = "<group>"; };
		BAC76CD91ADE4C670026F4D1 /* LaunchScreen.xib */ = {isa = PBXFileReference; fileEncoding = 4; lastKnownFileType = file.xib; path = LaunchScreen.xib; sourceTree = "<group>"; };
		BAC76CDA1ADE4C670026F4D1 /* Main.storyboard */ = {isa = PBXFileReference; fileEncoding = 4; lastKnownFileType = file.storyboard; name = Main.storyboard; path = Interface/Main.storyboard; sourceTree = "<group>"; };
		BAC76CDB1ADE4C670026F4D1 /* PortfolioTableViewCell.xib */ = {isa = PBXFileReference; fileEncoding = 4; lastKnownFileType = file.xib; path = PortfolioTableViewCell.xib; sourceTree = "<group>"; };
		BAC76CE51ADFACCE0026F4D1 /* city.png */ = {isa = PBXFileReference; lastKnownFileType = image.png; path = city.png; sourceTree = "<group>"; };
		BAC76CE61ADFACCE0026F4D1 /* Profile-Pic.png */ = {isa = PBXFileReference; lastKnownFileType = image.png; path = "Profile-Pic.png"; sourceTree = "<group>"; };
		BAE06D241AE56A5D00ED245F /* ProjectsExaltedViewController.swift */ = {isa = PBXFileReference; fileEncoding = 4; lastKnownFileType = sourcecode.swift; path = ProjectsExaltedViewController.swift; sourceTree = "<group>"; };
		BAE06D281AE56A7200ED245F /* ProjectsWeeblogViewController.swift */ = {isa = PBXFileReference; fileEncoding = 4; lastKnownFileType = sourcecode.swift; path = ProjectsWeeblogViewController.swift; sourceTree = "<group>"; };
		BAE06D2A1AE56A7B00ED245F /* ProjectsSpotrViewController.swift */ = {isa = PBXFileReference; fileEncoding = 4; lastKnownFileType = sourcecode.swift; path = ProjectsSpotrViewController.swift; sourceTree = "<group>"; };
		BAE06D2C1AE56A8A00ED245F /* ProjectsLeapFrogViewController.swift */ = {isa = PBXFileReference; fileEncoding = 4; lastKnownFileType = sourcecode.swift; path = ProjectsLeapFrogViewController.swift; sourceTree = "<group>"; };
		BAE06D2E1AE56AA700ED245F /* EduIntroViewController.swift */ = {isa = PBXFileReference; fileEncoding = 4; lastKnownFileType = sourcecode.swift; path = EduIntroViewController.swift; sourceTree = "<group>"; };
		BAE06D301AE56AB700ED245F /* EduGraduationViewController.swift */ = {isa = PBXFileReference; fileEncoding = 4; lastKnownFileType = sourcecode.swift; path = EduGraduationViewController.swift; sourceTree = "<group>"; };
		BAE06D321AE56ABF00ED245F /* EduGPAViewController.swift */ = {isa = PBXFileReference; fileEncoding = 4; lastKnownFileType = sourcecode.swift; path = EduGPAViewController.swift; sourceTree = "<group>"; };
		BAE06D341AE56ACB00ED245F /* EduCourseworkViewController.swift */ = {isa = PBXFileReference; fileEncoding = 4; lastKnownFileType = sourcecode.swift; path = EduCourseworkViewController.swift; sourceTree = "<group>"; };
		BAE06D361AE56AD300ED245F /* EduFunFactViewController.swift */ = {isa = PBXFileReference; fileEncoding = 4; lastKnownFileType = sourcecode.swift; path = EduFunFactViewController.swift; sourceTree = "<group>"; };
		BAE06D381AE56AE800ED245F /* ExpTruliaViewController.swift */ = {isa = PBXFileReference; fileEncoding = 4; lastKnownFileType = sourcecode.swift; path = ExpTruliaViewController.swift; sourceTree = "<group>"; };
		BAE06D3A1AE56B0100ED245F /* ExpTGNIntroViewController.swift */ = {isa = PBXFileReference; fileEncoding = 4; lastKnownFileType = sourcecode.swift; path = ExpTGNIntroViewController.swift; sourceTree = "<group>"; };
		BAE06D3C1AE56B0800ED245F /* ExpTGNMoreViewController.swift */ = {isa = PBXFileReference; fileEncoding = 4; lastKnownFileType = sourcecode.swift; path = ExpTGNMoreViewController.swift; sourceTree = "<group>"; };
		BAE06D3E1AE56B1000ED245F /* ExpWeeblyViewController.swift */ = {isa = PBXFileReference; fileEncoding = 4; lastKnownFileType = sourcecode.swift; path = ExpWeeblyViewController.swift; sourceTree = "<group>"; };
		BAE06D401AE56B3D00ED245F /* ContactViewController.swift */ = {isa = PBXFileReference; fileEncoding = 4; lastKnownFileType = sourcecode.swift; path = ContactViewController.swift; sourceTree = "<group>"; };
		BAE06D421AE56B4500ED245F /* AboutAppViewController.swift */ = {isa = PBXFileReference; fileEncoding = 4; lastKnownFileType = sourcecode.swift; path = AboutAppViewController.swift; sourceTree = "<group>"; };
		BAFA3A1E1AE35EA00004CD8C /* school.jpg */ = {isa = PBXFileReference; lastKnownFileType = image.jpeg; path = school.jpg; sourceTree = "<group>"; };
		BAFA3A201AE364FC0004CD8C /* coffee.jpg */ = {isa = PBXFileReference; lastKnownFileType = image.jpeg; path = coffee.jpg; sourceTree = "<group>"; };
		BAFA3A211AE364FC0004CD8C /* dock.jpg */ = {isa = PBXFileReference; lastKnownFileType = image.jpeg; path = dock.jpg; sourceTree = "<group>"; };
		BAFA3A261AE365E30004CD8C /* bay.jpg */ = {isa = PBXFileReference; lastKnownFileType = image.jpeg; path = bay.jpg; sourceTree = "<group>"; };
		BAFA3A281AE367990004CD8C /* water.jpeg */ = {isa = PBXFileReference; lastKnownFileType = image.jpeg; path = water.jpeg; sourceTree = "<group>"; };
		BAFA3A321AE380AD0004CD8C /* AboutMeIntroViewController.swift */ = {isa = PBXFileReference; fileEncoding = 4; lastKnownFileType = sourcecode.swift; path = AboutMeIntroViewController.swift; sourceTree = "<group>"; };
/* End PBXFileReference section */

/* Begin PBXFrameworksBuildPhase section */
		BAC76CA21ADE34C50026F4D1 /* Frameworks */ = {
			isa = PBXFrameworksBuildPhase;
			buildActionMask = 2147483647;
			files = (
			);
			runOnlyForDeploymentPostprocessing = 0;
		};
		BAC76CBB1ADE34C50026F4D1 /* Frameworks */ = {
			isa = PBXFrameworksBuildPhase;
			buildActionMask = 2147483647;
			files = (
			);
			runOnlyForDeploymentPostprocessing = 0;
		};
/* End PBXFrameworksBuildPhase section */

/* Begin PBXGroup section */
		BAA992D71AE1FF5700756EDF /* Extension */ = {
			isa = PBXGroup;
			children = (
				BAA992D81AE1FF5700756EDF /* UIFont+EK.swift */,
				BAA992E61AE2000A00756EDF /* UIIView+EK.swift */,
			);
			path = Extension;
			sourceTree = "<group>";
		};
		BAA992D91AE1FF5700756EDF /* View */ = {
			isa = PBXGroup;
			children = (
				BA3323291AEAEF9B003C04A6 /* PortfolioTableViewCell.swift */,
				BA3323221AEAECA7003C04A6 /* ContainerDismissButton.h */,
				BA3323231AEAECA7003C04A6 /* ContainerDismissButton.m */,
				BA3323251AEAECAF003C04A6 /* EKItemTableViewCell.swift */,
				BAA6C8601AEB38F0009DB888 /* EKActionButton.swift */,
			);
			path = View;
			sourceTree = "<group>";
		};
		BAA992DB1AE1FF5700756EDF /* ViewController */ = {
			isa = PBXGroup;
			children = (
				BAA992DC1AE1FF5700756EDF /* BaseChildViewController.swift */,
				BAA992DD1AE1FF5700756EDF /* HomeTableViewController.swift */,
				BAA992DE1AE1FF5700756EDF /* HomeViewController.swift */,
				BAA992DF1AE1FF5700756EDF /* RootContainerViewController.swift */,
				BAFA3A321AE380AD0004CD8C /* AboutMeIntroViewController.swift */,
				BA344F1F1AE38E1600F2E44E /* AboutMeDescriptionViewController.swift */,
				BA344F211AE38E5500F2E44E /* AboutMeHobbiesViewController.swift */,
				BA344F231AE38E6100F2E44E /* AboutMeWWDCViewController.swift */,
				BAE06D2E1AE56AA700ED245F /* EduIntroViewController.swift */,
				BAE06D301AE56AB700ED245F /* EduGraduationViewController.swift */,
				BAE06D321AE56ABF00ED245F /* EduGPAViewController.swift */,
				BAE06D341AE56ACB00ED245F /* EduCourseworkViewController.swift */,
				BAE06D361AE56AD300ED245F /* EduFunFactViewController.swift */,
				BAE06D241AE56A5D00ED245F /* ProjectsExaltedViewController.swift */,
				BABCDDFE1AEB4F180037D8F6 /* ProjectsExaltedMoreViewController.swift */,
				BAE06D281AE56A7200ED245F /* ProjectsWeeblogViewController.swift */,
				BAE06D2A1AE56A7B00ED245F /* ProjectsSpotrViewController.swift */,
				BAE06D2C1AE56A8A00ED245F /* ProjectsLeapFrogViewController.swift */,
				BAE06D381AE56AE800ED245F /* ExpTruliaViewController.swift */,
				BAE06D3A1AE56B0100ED245F /* ExpTGNIntroViewController.swift */,
				BAE06D3C1AE56B0800ED245F /* ExpTGNMoreViewController.swift */,
				BAE06D3E1AE56B1000ED245F /* ExpWeeblyViewController.swift */,
				BA7F62D11AEC367F0049BEFA /* ExpSkillsViewController.swift */,
				BAE06D401AE56B3D00ED245F /* ContactViewController.swift */,
				BAE06D421AE56B4500ED245F /* AboutAppViewController.swift */,
			);
			path = ViewController;
			sourceTree = "<group>";
		};
		BAA992F41AE2288900756EDF /* Protocol */ = {
			isa = PBXGroup;
			children = (
				BAA992F51AE2289100756EDF /* EKPageScrolling.swift */,
			);
			path = Protocol;
			sourceTree = "<group>";
		};
		BABCDDF31AEB3C9B0037D8F6 /* Eddie Kaiger */ = {
			isa = PBXGroup;
			children = (
				BABCDDF41AEB3C9B0037D8F6 /* AppDelegate.swift */,
				BABCDDF51AEB3C9B0037D8F6 /* Images.xcassets */,
				BABCDDF61AEB3C9B0037D8F6 /* Info.plist */,
				BABCDDF71AEB3C9B0037D8F6 /* EK-Bridging-Header.h */,
			);
			path = "Eddie Kaiger";
			sourceTree = "<group>";
		};
		BAC76C9C1ADE34C50026F4D1 = {
			isa = PBXGroup;
			children = (
				BAC76CDA1ADE4C670026F4D1 /* Main.storyboard */,
				BAC76CD81ADE4C670026F4D1 /* Interface */,
				BAC76CD41ADE4C670026F4D1 /* Code */,
				BAC76CD71ADE4C670026F4D1 /* Graphics */,
				BABCDDF31AEB3C9B0037D8F6 /* Eddie Kaiger */,
				BAC76CC11ADE34C50026F4D1 /* PortfolioTests */,
				BAC76CA61ADE34C50026F4D1 /* Products */,
			);
			sourceTree = "<group>";
		};
		BAC76CA61ADE34C50026F4D1 /* Products */ = {
			isa = PBXGroup;
			children = (
				BAC76CA51ADE34C50026F4D1 /* Eddie Kaiger.app */,
				BAC76CBE1ADE34C50026F4D1 /* Eddie KaigerTests.xctest */,
			);
			name = Products;
			sourceTree = "<group>";
		};
		BAC76CC11ADE34C50026F4D1 /* PortfolioTests */ = {
			isa = PBXGroup;
			children = (
				BAC76CC41ADE34C50026F4D1 /* PortfolioTests.swift */,
				BAC76CC21ADE34C50026F4D1 /* Supporting Files */,
			);
			path = PortfolioTests;
			sourceTree = "<group>";
		};
		BAC76CC21ADE34C50026F4D1 /* Supporting Files */ = {
			isa = PBXGroup;
			children = (
				BAC76CC31ADE34C50026F4D1 /* Info.plist */,
			);
			name = "Supporting Files";
			sourceTree = "<group>";
		};
		BAC76CD41ADE4C670026F4D1 /* Code */ = {
			isa = PBXGroup;
			children = (
				BAA992D71AE1FF5700756EDF /* Extension */,
				BAA992F41AE2288900756EDF /* Protocol */,
				BAA992D91AE1FF5700756EDF /* View */,
				BAA992DB1AE1FF5700756EDF /* ViewController */,
			);
			path = Code;
			sourceTree = "<group>";
		};
		BAC76CD71ADE4C670026F4D1 /* Graphics */ = {
			isa = PBXGroup;
			children = (
				BA7F62DF1AEC74980049BEFA /* InitialsLogo@2x.png */,
				BA7F62E01AEC74980049BEFA /* InitialsLogo@3x.png */,
				BA7F62DD1AEC56B70049BEFA /* Weebly.jpg */,
				BA7F62D71AEC4D660049BEFA /* GraceCity.png */,
				BA7F62D51AEC41C50049BEFA /* Trulia.png */,
				BA7F62CD1AEC34DC0049BEFA /* LeapFrog@2x.png */,
				BA7F62CE1AEC34DC0049BEFA /* LeapFrog@3x.png */,
				BA4746B41AEB91AE001DE01E /* Weeblog.jpg */,
				BA4746B01AEB8916001DE01E /* Spotr@2x.png */,
				BA4746B11AEB8916001DE01E /* Spotr@3x.png */,
				BABCDDFC1AEB44C40037D8F6 /* ExaltedScreenshot.png */,
				BA4B98131AE8EB0500D094F8 /* UCDLogo.png */,
				BA344F251AE4EC0800F2E44E /* ScrollRight@2x.png */,
				BA344F261AE4EC0800F2E44E /* ScrollRight@3x.png */,
				BAFA3A261AE365E30004CD8C /* bay.jpg */,
				BAFA3A201AE364FC0004CD8C /* coffee.jpg */,
				BAFA3A281AE367990004CD8C /* water.jpeg */,
				BAFA3A211AE364FC0004CD8C /* dock.jpg */,
				BAFA3A1E1AE35EA00004CD8C /* school.jpg */,
				BAC76CE51ADFACCE0026F4D1 /* city.png */,
				BAC76CE61ADFACCE0026F4D1 /* Profile-Pic.png */,
			);
			path = Graphics;
			sourceTree = "<group>";
		};
		BAC76CD81ADE4C670026F4D1 /* Interface */ = {
			isa = PBXGroup;
			children = (
				BA3323271AEAED44003C04A6 /* EKItemTableViewCell.xib */,
				BAC76CD91ADE4C670026F4D1 /* LaunchScreen.xib */,
				BAC76CDB1ADE4C670026F4D1 /* PortfolioTableViewCell.xib */,
			);
			path = Interface;
			sourceTree = "<group>";
		};
/* End PBXGroup section */

/* Begin PBXNativeTarget section */
		BAC76CA41ADE34C50026F4D1 /* Eddie Kaiger */ = {
			isa = PBXNativeTarget;
			buildConfigurationList = BAC76CC81ADE34C50026F4D1 /* Build configuration list for PBXNativeTarget "Eddie Kaiger" */;
			buildPhases = (
				BAC76CA11ADE34C50026F4D1 /* Sources */,
				BAC76CA21ADE34C50026F4D1 /* Frameworks */,
				BAC76CA31ADE34C50026F4D1 /* Resources */,
			);
			buildRules = (
			);
			dependencies = (
			);
			name = "Eddie Kaiger";
			productName = Portfolio;
			productReference = BAC76CA51ADE34C50026F4D1 /* Eddie Kaiger.app */;
			productType = "com.apple.product-type.application";
		};
		BAC76CBD1ADE34C50026F4D1 /* Eddie KaigerTests */ = {
			isa = PBXNativeTarget;
			buildConfigurationList = BAC76CCB1ADE34C50026F4D1 /* Build configuration list for PBXNativeTarget "Eddie KaigerTests" */;
			buildPhases = (
				BAC76CBA1ADE34C50026F4D1 /* Sources */,
				BAC76CBB1ADE34C50026F4D1 /* Frameworks */,
				BAC76CBC1ADE34C50026F4D1 /* Resources */,
			);
			buildRules = (
			);
			dependencies = (
				BAC76CC01ADE34C50026F4D1 /* PBXTargetDependency */,
			);
			name = "Eddie KaigerTests";
			productName = PortfolioTests;
			productReference = BAC76CBE1ADE34C50026F4D1 /* Eddie KaigerTests.xctest */;
			productType = "com.apple.product-type.bundle.unit-test";
		};
/* End PBXNativeTarget section */

/* Begin PBXProject section */
		BAC76C9D1ADE34C50026F4D1 /* Project object */ = {
			isa = PBXProject;
			attributes = {
				LastUpgradeCheck = 0630;
				ORGANIZATIONNAME = EddieKaiger;
				TargetAttributes = {
					BAC76CA41ADE34C50026F4D1 = {
						CreatedOnToolsVersion = 6.3;
						DevelopmentTeam = 5KT4ZVPMF8;
					};
					BAC76CBD1ADE34C50026F4D1 = {
						CreatedOnToolsVersion = 6.3;
						TestTargetID = BAC76CA41ADE34C50026F4D1;
					};
				};
			};
			buildConfigurationList = BAC76CA01ADE34C50026F4D1 /* Build configuration list for PBXProject "Eddie Kaiger" */;
			compatibilityVersion = "Xcode 3.2";
			developmentRegion = English;
			hasScannedForEncodings = 0;
			knownRegions = (
				en,
				Base,
			);
			mainGroup = BAC76C9C1ADE34C50026F4D1;
			productRefGroup = BAC76CA61ADE34C50026F4D1 /* Products */;
			projectDirPath = "";
			projectRoot = "";
			targets = (
				BAC76CA41ADE34C50026F4D1 /* Eddie Kaiger */,
				BAC76CBD1ADE34C50026F4D1 /* Eddie KaigerTests */,
			);
		};
/* End PBXProject section */

/* Begin PBXResourcesBuildPhase section */
		BAC76CA31ADE34C50026F4D1 /* Resources */ = {
			isa = PBXResourcesBuildPhase;
			buildActionMask = 2147483647;
			files = (
				BAC76CE01ADE4C670026F4D1 /* PortfolioTableViewCell.xib in Resources */,
				BA7F62DE1AEC56B70049BEFA /* Weebly.jpg in Resources */,
				BAFA3A271AE365E30004CD8C /* bay.jpg in Resources */,
				BAFA3A221AE364FC0004CD8C /* coffee.jpg in Resources */,
				BAFA3A1F1AE35EA00004CD8C /* school.jpg in Resources */,
				BAC76CDF1ADE4C670026F4D1 /* Main.storyboard in Resources */,
				BA7F62E11AEC74980049BEFA /* InitialsLogo@2x.png in Resources */,
				BA4746B51AEB91AE001DE01E /* Weeblog.jpg in Resources */,
				BA7F62D81AEC4D660049BEFA /* GraceCity.png in Resources */,
				BAFA3A231AE364FC0004CD8C /* dock.jpg in Resources */,
				BABCDDF91AEB3C9B0037D8F6 /* Images.xcassets in Resources */,
				BA7F62E21AEC74980049BEFA /* InitialsLogo@3x.png in Resources */,
				BAC76CE81ADFACCE0026F4D1 /* Profile-Pic.png in Resources */,
				BAC76CE71ADFACCE0026F4D1 /* city.png in Resources */,
				BA344F281AE4EC0800F2E44E /* ScrollRight@3x.png in Resources */,
				BA4746B31AEB8916001DE01E /* Spotr@3x.png in Resources */,
				BA7F62CF1AEC34DC0049BEFA /* LeapFrog@2x.png in Resources */,
				BA344F271AE4EC0800F2E44E /* ScrollRight@2x.png in Resources */,
				BAFA3A291AE367990004CD8C /* water.jpeg in Resources */,
				BAC76CDE1ADE4C670026F4D1 /* LaunchScreen.xib in Resources */,
				BA7F62D01AEC34DC0049BEFA /* LeapFrog@3x.png in Resources */,
				BABCDDFD1AEB44C40037D8F6 /* ExaltedScreenshot.png in Resources */,
				BA4B98141AE8EB0500D094F8 /* UCDLogo.png in Resources */,
				BA3323281AEAED44003C04A6 /* EKItemTableViewCell.xib in Resources */,
				BA7F62D61AEC41C50049BEFA /* Trulia.png in Resources */,
				BA4746B21AEB8916001DE01E /* Spotr@2x.png in Resources */,
			);
			runOnlyForDeploymentPostprocessing = 0;
		};
		BAC76CBC1ADE34C50026F4D1 /* Resources */ = {
			isa = PBXResourcesBuildPhase;
			buildActionMask = 2147483647;
			files = (
			);
			runOnlyForDeploymentPostprocessing = 0;
		};
/* End PBXResourcesBuildPhase section */

/* Begin PBXSourcesBuildPhase section */
		BAC76CA11ADE34C50026F4D1 /* Sources */ = {
			isa = PBXSourcesBuildPhase;
			buildActionMask = 2147483647;
			files = (
				BAE06D3D1AE56B0800ED245F /* ExpTGNMoreViewController.swift in Sources */,
				BAA992E71AE2000A00756EDF /* UIIView+EK.swift in Sources */,
				BAE06D2D1AE56A8A00ED245F /* ProjectsLeapFrogViewController.swift in Sources */,
				BAE06D391AE56AE800ED245F /* ExpTruliaViewController.swift in Sources */,
				BAE06D3F1AE56B1000ED245F /* ExpWeeblyViewController.swift in Sources */,
				BABCDDFF1AEB4F180037D8F6 /* ProjectsExaltedMoreViewController.swift in Sources */,
				BAE06D2B1AE56A7B00ED245F /* ProjectsSpotrViewController.swift in Sources */,
				BAE06D311AE56AB700ED245F /* EduGraduationViewController.swift in Sources */,
				BAA992E01AE1FF5700756EDF /* UIFont+EK.swift in Sources */,
				BABCDDF81AEB3C9B0037D8F6 /* AppDelegate.swift in Sources */,
				BAE06D431AE56B4500ED245F /* AboutAppViewController.swift in Sources */,
				BAA992E51AE1FF5700756EDF /* RootContainerViewController.swift in Sources */,
				BA3323261AEAECAF003C04A6 /* EKItemTableViewCell.swift in Sources */,
				BAA992E21AE1FF5700756EDF /* BaseChildViewController.swift in Sources */,
				BA3323241AEAECA7003C04A6 /* ContainerDismissButton.m in Sources */,
				BAE06D411AE56B3D00ED245F /* ContactViewController.swift in Sources */,
				BAA992E31AE1FF5700756EDF /* HomeTableViewController.swift in Sources */,
				BAE06D331AE56ABF00ED245F /* EduGPAViewController.swift in Sources */,
				BA344F241AE38E6100F2E44E /* AboutMeWWDCViewController.swift in Sources */,
				BAE06D371AE56AD300ED245F /* EduFunFactViewController.swift in Sources */,
				BA344F221AE38E5500F2E44E /* AboutMeHobbiesViewController.swift in Sources */,
				BAE06D351AE56ACB00ED245F /* EduCourseworkViewController.swift in Sources */,
				BAE06D3B1AE56B0100ED245F /* ExpTGNIntroViewController.swift in Sources */,
				BAE06D2F1AE56AA700ED245F /* EduIntroViewController.swift in Sources */,
				BAA992E41AE1FF5700756EDF /* HomeViewController.swift in Sources */,
				BAA6C8611AEB38F0009DB888 /* EKActionButton.swift in Sources */,
				BA344F201AE38E1600F2E44E /* AboutMeDescriptionViewController.swift in Sources */,
				BA7F62D21AEC367F0049BEFA /* ExpSkillsViewController.swift in Sources */,
				BAE06D251AE56A5D00ED245F /* ProjectsExaltedViewController.swift in Sources */,
				BA33232A1AEAEF9B003C04A6 /* PortfolioTableViewCell.swift in Sources */,
				BAFA3A331AE380AD0004CD8C /* AboutMeIntroViewController.swift in Sources */,
				BAA992F61AE2289100756EDF /* EKPageScrolling.swift in Sources */,
				BAE06D291AE56A7200ED245F /* ProjectsWeeblogViewController.swift in Sources */,
			);
			runOnlyForDeploymentPostprocessing = 0;
		};
		BAC76CBA1ADE34C50026F4D1 /* Sources */ = {
			isa = PBXSourcesBuildPhase;
			buildActionMask = 2147483647;
			files = (
				BAC76CC51ADE34C50026F4D1 /* PortfolioTests.swift in Sources */,
			);
			runOnlyForDeploymentPostprocessing = 0;
		};
/* End PBXSourcesBuildPhase section */

/* Begin PBXTargetDependency section */
		BAC76CC01ADE34C50026F4D1 /* PBXTargetDependency */ = {
			isa = PBXTargetDependency;
			target = BAC76CA41ADE34C50026F4D1 /* Eddie Kaiger */;
			targetProxy = BAC76CBF1ADE34C50026F4D1 /* PBXContainerItemProxy */;
		};
/* End PBXTargetDependency section */

/* Begin XCBuildConfiguration section */
		BAC76CC61ADE34C50026F4D1 /* Debug */ = {
			isa = XCBuildConfiguration;
			buildSettings = {
				ALWAYS_SEARCH_USER_PATHS = NO;
				CLANG_CXX_LANGUAGE_STANDARD = "gnu++0x";
				CLANG_CXX_LIBRARY = "libc++";
				CLANG_ENABLE_MODULES = YES;
				CLANG_ENABLE_OBJC_ARC = YES;
				CLANG_WARN_BOOL_CONVERSION = YES;
				CLANG_WARN_CONSTANT_CONVERSION = YES;
				CLANG_WARN_DIRECT_OBJC_ISA_USAGE = YES_ERROR;
				CLANG_WARN_EMPTY_BODY = YES;
				CLANG_WARN_ENUM_CONVERSION = YES;
				CLANG_WARN_INT_CONVERSION = YES;
				CLANG_WARN_OBJC_ROOT_CLASS = YES_ERROR;
				CLANG_WARN_UNREACHABLE_CODE = YES;
				CLANG_WARN__DUPLICATE_METHOD_MATCH = YES;
				"CODE_SIGN_IDENTITY[sdk=iphoneos*]" = "iPhone Developer";
				COPY_PHASE_STRIP = NO;
				DEBUG_INFORMATION_FORMAT = "dwarf-with-dsym";
				ENABLE_STRICT_OBJC_MSGSEND = YES;
				GCC_C_LANGUAGE_STANDARD = gnu99;
				GCC_DYNAMIC_NO_PIC = NO;
				GCC_NO_COMMON_BLOCKS = YES;
				GCC_OPTIMIZATION_LEVEL = 0;
				GCC_PREPROCESSOR_DEFINITIONS = (
					"DEBUG=1",
					"$(inherited)",
				);
				GCC_SYMBOLS_PRIVATE_EXTERN = NO;
				GCC_WARN_64_TO_32_BIT_CONVERSION = YES;
				GCC_WARN_ABOUT_RETURN_TYPE = YES_ERROR;
				GCC_WARN_UNDECLARED_SELECTOR = YES;
				GCC_WARN_UNINITIALIZED_AUTOS = YES_AGGRESSIVE;
				GCC_WARN_UNUSED_FUNCTION = YES;
				GCC_WARN_UNUSED_VARIABLE = YES;
				IPHONEOS_DEPLOYMENT_TARGET = 8.3;
				MTL_ENABLE_DEBUG_INFO = YES;
				ONLY_ACTIVE_ARCH = YES;
				SDKROOT = iphoneos;
				SWIFT_OPTIMIZATION_LEVEL = "-Onone";
			};
			name = Debug;
		};
		BAC76CC71ADE34C50026F4D1 /* Release */ = {
			isa = XCBuildConfiguration;
			buildSettings = {
				ALWAYS_SEARCH_USER_PATHS = NO;
				CLANG_CXX_LANGUAGE_STANDARD = "gnu++0x";
				CLANG_CXX_LIBRARY = "libc++";
				CLANG_ENABLE_MODULES = YES;
				CLANG_ENABLE_OBJC_ARC = YES;
				CLANG_WARN_BOOL_CONVERSION = YES;
				CLANG_WARN_CONSTANT_CONVERSION = YES;
				CLANG_WARN_DIRECT_OBJC_ISA_USAGE = YES_ERROR;
				CLANG_WARN_EMPTY_BODY = YES;
				CLANG_WARN_ENUM_CONVERSION = YES;
				CLANG_WARN_INT_CONVERSION = YES;
				CLANG_WARN_OBJC_ROOT_CLASS = YES_ERROR;
				CLANG_WARN_UNREACHABLE_CODE = YES;
				CLANG_WARN__DUPLICATE_METHOD_MATCH = YES;
				"CODE_SIGN_IDENTITY[sdk=iphoneos*]" = "iPhone Developer";
				COPY_PHASE_STRIP = NO;
				DEBUG_INFORMATION_FORMAT = "dwarf-with-dsym";
				ENABLE_NS_ASSERTIONS = NO;
				ENABLE_STRICT_OBJC_MSGSEND = YES;
				GCC_C_LANGUAGE_STANDARD = gnu99;
				GCC_NO_COMMON_BLOCKS = YES;
				GCC_WARN_64_TO_32_BIT_CONVERSION = YES;
				GCC_WARN_ABOUT_RETURN_TYPE = YES_ERROR;
				GCC_WARN_UNDECLARED_SELECTOR = YES;
				GCC_WARN_UNINITIALIZED_AUTOS = YES_AGGRESSIVE;
				GCC_WARN_UNUSED_FUNCTION = YES;
				GCC_WARN_UNUSED_VARIABLE = YES;
				IPHONEOS_DEPLOYMENT_TARGET = 8.3;
				MTL_ENABLE_DEBUG_INFO = NO;
				SDKROOT = iphoneos;
				VALIDATE_PRODUCT = YES;
			};
			name = Release;
		};
		BAC76CC91ADE34C50026F4D1 /* Debug */ = {
			isa = XCBuildConfiguration;
			buildSettings = {
				ASSETCATALOG_COMPILER_APPICON_NAME = AppIcon;
				CLANG_ENABLE_MODULES = YES;
				CODE_SIGN_IDENTITY = "iPhone Developer";
				"CODE_SIGN_IDENTITY[sdk=iphoneos*]" = "iPhone Developer";
				INFOPLIST_FILE = "$(SRCROOT)/Eddie Kaiger/Info.plist";
				IPHONEOS_DEPLOYMENT_TARGET = 8.1;
				LD_RUNPATH_SEARCH_PATHS = "$(inherited) @executable_path/Frameworks";
				PRODUCT_NAME = "Eddie Kaiger";
				PROVISIONING_PROFILE = "";
				SWIFT_INSTALL_OBJC_HEADER = YES;
				SWIFT_OBJC_BRIDGING_HEADER = "Eddie Kaiger/EK-Bridging-Header.h";
				SWIFT_OPTIMIZATION_LEVEL = "-Onone";
			};
			name = Debug;
		};
		BAC76CCA1ADE34C50026F4D1 /* Release */ = {
			isa = XCBuildConfiguration;
			buildSettings = {
				ASSETCATALOG_COMPILER_APPICON_NAME = AppIcon;
				CLANG_ENABLE_MODULES = YES;
				CODE_SIGN_IDENTITY = "iPhone Developer";
				"CODE_SIGN_IDENTITY[sdk=iphoneos*]" = "iPhone Developer";
				INFOPLIST_FILE = "$(SRCROOT)/Eddie Kaiger/Info.plist";
				IPHONEOS_DEPLOYMENT_TARGET = 8.1;
				LD_RUNPATH_SEARCH_PATHS = "$(inherited) @executable_path/Frameworks";
				PRODUCT_NAME = "Eddie Kaiger";
				PROVISIONING_PROFILE = "";
				SWIFT_INSTALL_OBJC_HEADER = YES;
				SWIFT_OBJC_BRIDGING_HEADER = "Eddie Kaiger/EK-Bridging-Header.h";
			};
			name = Release;
		};
		BAC76CCC1ADE34C50026F4D1 /* Debug */ = {
			isa = XCBuildConfiguration;
			buildSettings = {
				BUNDLE_LOADER = "$(TEST_HOST)";
				FRAMEWORK_SEARCH_PATHS = (
					"$(SDKROOT)/Developer/Library/Frameworks",
					"$(inherited)",
				);
				GCC_PREPROCESSOR_DEFINITIONS = (
					"DEBUG=1",
					"$(inherited)",
				);
				INFOPLIST_FILE = PortfolioTests/Info.plist;
				LD_RUNPATH_SEARCH_PATHS = "$(inherited) @executable_path/Frameworks @loader_path/Frameworks";
				PRODUCT_NAME = "Eddie KaigerTests";
				TEST_HOST = "$(BUILT_PRODUCTS_DIR)/Portfolio.app/Portfolio";
			};
			name = Debug;
		};
		BAC76CCD1ADE34C50026F4D1 /* Release */ = {
			isa = XCBuildConfiguration;
			buildSettings = {
				BUNDLE_LOADER = "$(TEST_HOST)";
				FRAMEWORK_SEARCH_PATHS = (
					"$(SDKROOT)/Developer/Library/Frameworks",
					"$(inherited)",
				);
				INFOPLIST_FILE = PortfolioTests/Info.plist;
				LD_RUNPATH_SEARCH_PATHS = "$(inherited) @executable_path/Frameworks @loader_path/Frameworks";
				PRODUCT_NAME = "Eddie KaigerTests";
				TEST_HOST = "$(BUILT_PRODUCTS_DIR)/Portfolio.app/Portfolio";
			};
			name = Release;
		};
/* End XCBuildConfiguration section */

/* Begin XCConfigurationList section */
		BAC76CA01ADE34C50026F4D1 /* Build configuration list for PBXProject "Eddie Kaiger" */ = {
			isa = XCConfigurationList;
			buildConfigurations = (
				BAC76CC61ADE34C50026F4D1 /* Debug */,
				BAC76CC71ADE34C50026F4D1 /* Release */,
			);
			defaultConfigurationIsVisible = 0;
			defaultConfigurationName = Release;
		};
		BAC76CC81ADE34C50026F4D1 /* Build configuration list for PBXNativeTarget "Eddie Kaiger" */ = {
			isa = XCConfigurationList;
			buildConfigurations = (
				BAC76CC91ADE34C50026F4D1 /* Debug */,
				BAC76CCA1ADE34C50026F4D1 /* Release */,
			);
			defaultConfigurationIsVisible = 0;
			defaultConfigurationName = Release;
		};
		BAC76CCB1ADE34C50026F4D1 /* Build configuration list for PBXNativeTarget "Eddie KaigerTests" */ = {
			isa = XCConfigurationList;
			buildConfigurations = (
				BAC76CCC1ADE34C50026F4D1 /* Debug */,
				BAC76CCD1ADE34C50026F4D1 /* Release */,
			);
			defaultConfigurationIsVisible = 0;
			defaultConfigurationName = Release;
		};
/* End XCConfigurationList section */
	};
	rootObject = BAC76C9D1ADE34C50026F4D1 /* Project object */;
}
